# THIS IS AN AUTOGENERATED FILE. DO NOT EDIT THIS FILE DIRECTLY.
# yarn lockfile v1


vue-image-compare@^0.6.1:
  version "0.6.1"
  resolved "https://registry.yarnpkg.com/vue-image-compare/-/vue-image-compare-0.6.1.tgz#9e4d9646dd22a1024640ed81e0f52bf98adac7e2"
  integrity sha1-nk2WRt0ioQJGQO2B4PUr+Yrax+I=
